
Microsoft Visual Studio Solution File, Format Version 12.00
# Visual Studio 2012
Project("{FAE04EC0-301F-11D3-BF4B-00C04F79EFBC}") = "HadoopUserManagement", "HadoopUserManagement\HadoopUserManagement.csproj", "{EE40CAA2-87C3-4D29-9425-815B7E61C12B}"
EndProject
Project("{2150E333-8FDC-42A3-9474-1A3956D46DE8}") = "Solution Items", "Solution Items", "{D2D1E6E7-CCCC-470C-A3EC-91F0EC32DE84}"
EndProject
Global
	GlobalSection(SolutionConfigurationPlatforms) = preSolution
		Debug|Any CPU = Debug|Any CPU
		Release|Any CPU = Release|Any CPU
	EndGlobalSection
	GlobalSection(ProjectConfigurationPlatforms) = postSolution
		{EE40CAA2-87C3-4D29-9425-815B7E61C12B}.Debug|Any CPU.ActiveCfg = Debug|Any CPU
		{EE40CAA2-87C3-4D29-9425-815B7E61C12B}.Debug|Any CPU.Build.0 = Debug|Any CPU
		{EE40CAA2-87C3-4D29-9425-815B7E61C12B}.Release|Any CPU.ActiveCfg = Release|Any CPU
		{EE40CAA2-87C3-4D29-9425-815B7E61C12B}.Release|Any CPU.Build.0 = Release|Any CPU
	EndGlobalSection
	GlobalSection(SolutionProperties) = preSolution
		HideSolutionNode = FALSE
	EndGlobalSection
EndGlobal
